
Microsoft Visual Studio Solution File, Format Version 12.00
# Visual Studio Version 16
VisualStudioVersion = 16.0.30611.23
MinimumVisualStudioVersion = 10.0.40219.1
Project("{FAE04EC0-301F-11D3-BF4B-00C04F79EFBC}") = "Console", "Ejercicio_3\Console.csproj", "{77C5B5D3-6A66-487F-9D8E-8CB741F09DFE}"
EndProject
Project("{FAE04EC0-301F-11D3-BF4B-00C04F79EFBC}") = "ResourceAccess", "ResourceAcceess\ResourceAccess.csproj", "{4E2A1DEB-2BFE-4801-B96D-55CFB83EC612}"
EndProject
Project("{FAE04EC0-301F-11D3-BF4B-00C04F79EFBC}") = "Entities", "Entities\Entities.csproj", "{AEF51D31-E5D5-483E-A05A-51E5BCCE554D}"
EndProject
Project("{FAE04EC0-301F-11D3-BF4B-00C04F79EFBC}") = "Logic", "Logic\Logic.csproj", "{E85775C5-8763-4A55-B7AC-49F92BCECB06}"
EndProject
Project("{FAE04EC0-301F-11D3-BF4B-00C04F79EFBC}") = "DAO", "DAO\DAO.csproj", "{33F46067-5BDE-495B-ABFA-BE13B678B02B}"
EndProject
Global
	GlobalSection(SolutionConfigurationPlatforms) = preSolution
		Debug|Any CPU = Debug|Any CPU
		Release|Any CPU = Release|Any CPU
	EndGlobalSection
	GlobalSection(ProjectConfigurationPlatforms) = postSolution
		{77C5B5D3-6A66-487F-9D8E-8CB741F09DFE}.Debug|Any CPU.ActiveCfg = Debug|Any CPU
		{77C5B5D3-6A66-487F-9D8E-8CB741F09DFE}.Debug|Any CPU.Build.0 = Debug|Any CPU
		{77C5B5D3-6A66-487F-9D8E-8CB741F09DFE}.Release|Any CPU.ActiveCfg = Release|Any CPU
		{77C5B5D3-6A66-487F-9D8E-8CB741F09DFE}.Release|Any CPU.Build.0 = Release|Any CPU
		{4E2A1DEB-2BFE-4801-B96D-55CFB83EC612}.Debug|Any CPU.ActiveCfg = Debug|Any CPU
		{4E2A1DEB-2BFE-4801-B96D-55CFB83EC612}.Debug|Any CPU.Build.0 = Debug|Any CPU
		{4E2A1DEB-2BFE-4801-B96D-55CFB83EC612}.Release|Any CPU.ActiveCfg = Release|Any CPU
		{4E2A1DEB-2BFE-4801-B96D-55CFB83EC612}.Release|Any CPU.Build.0 = Release|Any CPU
		{AEF51D31-E5D5-483E-A05A-51E5BCCE554D}.Debug|Any CPU.ActiveCfg = Debug|Any CPU
		{AEF51D31-E5D5-483E-A05A-51E5BCCE554D}.Debug|Any CPU.Build.0 = Debug|Any CPU
		{AEF51D31-E5D5-483E-A05A-51E5BCCE554D}.Release|Any CPU.ActiveCfg = Release|Any CPU
		{AEF51D31-E5D5-483E-A05A-51E5BCCE554D}.Release|Any CPU.Build.0 = Release|Any CPU
		{E85775C5-8763-4A55-B7AC-49F92BCECB06}.Debug|Any CPU.ActiveCfg = Debug|Any CPU
		{E85775C5-8763-4A55-B7AC-49F92BCECB06}.Debug|Any CPU.Build.0 = Debug|Any CPU
		{E85775C5-8763-4A55-B7AC-49F92BCECB06}.Release|Any CPU.ActiveCfg = Release|Any CPU
		{E85775C5-8763-4A55-B7AC-49F92BCECB06}.Release|Any CPU.Build.0 = Release|Any CPU
		{33F46067-5BDE-495B-ABFA-BE13B678B02B}.Debug|Any CPU.ActiveCfg = Debug|Any CPU
		{33F46067-5BDE-495B-ABFA-BE13B678B02B}.Debug|Any CPU.Build.0 = Debug|Any CPU
		{33F46067-5BDE-495B-ABFA-BE13B678B02B}.Release|Any CPU.ActiveCfg = Release|Any CPU
		{33F46067-5BDE-495B-ABFA-BE13B678B02B}.Release|Any CPU.Build.0 = Release|Any CPU
	EndGlobalSection
	GlobalSection(SolutionProperties) = preSolution
		HideSolutionNode = FALSE
	EndGlobalSection
	GlobalSection(ExtensibilityGlobals) = postSolution
		SolutionGuid = {E9CDCA27-B15F-4853-A429-D39E35E4BC68}
	EndGlobalSection
EndGlobal
