
Microsoft Visual Studio Solution File, Format Version 12.00
# Visual Studio Version 16
VisualStudioVersion = 16.0.30611.23
MinimumVisualStudioVersion = 10.0.40219.1
Project("{FAE04EC0-301F-11D3-BF4B-00C04F79EFBC}") = "Ejercicio2_4", "Ejercicio2_4\Ejercicio2_4.csproj", "{CC9D1869-2ABA-4AF8-B3E8-BFE098809EDF}"
EndProject
Global
	GlobalSection(SolutionConfigurationPlatforms) = preSolution
		Debug|Any CPU = Debug|Any CPU
		Release|Any CPU = Release|Any CPU
	EndGlobalSection
	GlobalSection(ProjectConfigurationPlatforms) = postSolution
		{CC9D1869-2ABA-4AF8-B3E8-BFE098809EDF}.Debug|Any CPU.ActiveCfg = Debug|Any CPU
		{CC9D1869-2ABA-4AF8-B3E8-BFE098809EDF}.Debug|Any CPU.Build.0 = Debug|Any CPU
		{CC9D1869-2ABA-4AF8-B3E8-BFE098809EDF}.Release|Any CPU.ActiveCfg = Release|Any CPU
		{CC9D1869-2ABA-4AF8-B3E8-BFE098809EDF}.Release|Any CPU.Build.0 = Release|Any CPU
	EndGlobalSection
	GlobalSection(SolutionProperties) = preSolution
		HideSolutionNode = FALSE
	EndGlobalSection
	GlobalSection(ExtensibilityGlobals) = postSolution
		SolutionGuid = {61030EB6-CE42-4366-ACF6-FD5942EF5418}
	EndGlobalSection
EndGlobal
